
Microsoft Visual Studio Solution File, Format Version 12.00
# Visual Studio Version 16
VisualStudioVersion = 16.0.30717.126
MinimumVisualStudioVersion = 10.0.40219.1
Project("{FAE04EC0-301F-11D3-BF4B-00C04F79EFBC}") = "MarsQATask", "MarsQATask\MarsQATask.csproj", "{F4D69718-6CED-45A2-B06D-B44327C97D7E}"
EndProject
Global
	GlobalSection(SolutionConfigurationPlatforms) = preSolution
		Debug|Any CPU = Debug|Any CPU
		Release|Any CPU = Release|Any CPU
	EndGlobalSection
	GlobalSection(ProjectConfigurationPlatforms) = postSolution
		{F4D69718-6CED-45A2-B06D-B44327C97D7E}.Debug|Any CPU.ActiveCfg = Debug|Any CPU
		{F4D69718-6CED-45A2-B06D-B44327C97D7E}.Debug|Any CPU.Build.0 = Debug|Any CPU
		{F4D69718-6CED-45A2-B06D-B44327C97D7E}.Release|Any CPU.ActiveCfg = Release|Any CPU
		{F4D69718-6CED-45A2-B06D-B44327C97D7E}.Release|Any CPU.Build.0 = Release|Any CPU
	EndGlobalSection
	GlobalSection(SolutionProperties) = preSolution
		HideSolutionNode = FALSE
	EndGlobalSection
	GlobalSection(ExtensibilityGlobals) = postSolution
		SolutionGuid = {7D3DD5A2-7FF7-467B-B148-CBC05E0B81EE}
	EndGlobalSection
EndGlobal
